<?xml version="1.0" encoding="utf-8"?>
<Project ToolsVersion="4.0" xmlns="http://schemas.microsoft.com/developer/msbuild/2003">
  <ItemGroup>
    <ClCompile Include="MainApp.cpp">
      <Filter>Source Files</Filter>
    </ClCompile>
    <ClCompile Include="QSFMLCanvas.cpp">
      <Filter>Source Files</Filter>
    </ClCompile>
    <ClCompile Include="Lesson.cpp">
      <Filter>Source Files</Filter>
    </ClCompile>
    <ClCompile Include="main.cpp">
      <Filter>Source Files</Filter>
    </ClCompile>
    <ClCompile Include="Teacher.cpp">
      <Filter>Source Files</Filter>
    </ClCompile>
    <ClCompile Include="AvailabilityTable.cpp">
      <Filter>Source Files</Filter>
    </ClCompile>
    <ClCompile Include="Group.cpp">
      <Filter>Source Files</Filter>
    </ClCompile>
    <ClCompile Include="MyCanvas.cpp">
      <Filter>Source Files</Filter>
    </ClCompile>
    <ClCompile Include="TableDrawing.cpp">
      <Filter>Source Files</Filter>
    </ClCompile>
    <ClCompile Include="TableGen.cpp">
      <Filter>Source Files</Filter>
    </ClCompile>
  </ItemGroup>
  <ItemGroup>
    <Filter Include="Resource Files">
      <UniqueIdentifier>{D9D6E242-F8AF-46E4-B9FD-80ECBC20BA3E}</UniqueIdentifier>
      <Extensions>qrc;*</Extensions>
      <ParseFiles>false</ParseFiles>
    </Filter>
    <Filter Include="Source Files">
      <UniqueIdentifier>{4FC737F1-C7A5-4376-A066-2A32D752A2FF}</UniqueIdentifier>
      <Extensions>cpp;c;cc;cxx;def;odl;idl;hpj;bat;asm;asmx</Extensions>
      <ParseFiles>true</ParseFiles>
    </Filter>
    <Filter Include="Header Files">
      <UniqueIdentifier>{93995380-89BD-4b04-88EB-625FBE52EBFB}</UniqueIdentifier>
      <Extensions>h;hh;hpp;hxx;hm;inl;inc;xsd</Extensions>
      <ParseFiles>true</ParseFiles>
    </Filter>
    <Filter Include="Form Files">
      <UniqueIdentifier>{99349809-55BA-4b9d-BF79-8FDBB0286EB3}</UniqueIdentifier>
      <Extensions>ui</Extensions>
      <ParseFiles>true</ParseFiles>
    </Filter>
  </ItemGroup>
  <ItemGroup>
    <QtMoc Include="MainApp.h">
      <Filter>Header Files</Filter>
    </QtMoc>
    <QtMoc Include="windowDialogs.h">
      <Filter>Header Files</Filter>
    </QtMoc>
  </ItemGroup>
  <ItemGroup>
    <QtUic Include="MainApp.ui">
      <Filter>Form Files</Filter>
    </QtUic>
    <QtUic Include="windowAdd.ui">
      <Filter>Form Files</Filter>
    </QtUic>
    <QtUic Include="windowAddSubject.ui">
      <Filter>Form Files</Filter>
    </QtUic>
    <QtUic Include="windowAddTeacher.ui">
      <Filter>Form Files</Filter>
    </QtUic>
    <QtUic Include="windowAddGroup.ui">
      <Filter>Form Files</Filter>
    </QtUic>
    <QtUic Include="windowSetFilter.ui">
      <Filter>Form Files</Filter>
    </QtUic>
    <QtUic Include="windowChooseAction.ui">
      <Filter>Form Files</Filter>
    </QtUic>
    <QtUic Include="windowFailDlg.ui">
      <Filter>Form Files</Filter>
    </QtUic>
  </ItemGroup>
  <ItemGroup>
    <QtRcc Include="MainApp.qrc">
      <Filter>Resource Files</Filter>
    </QtRcc>
  </ItemGroup>
  <ItemGroup>
    <ClInclude Include="Lesson.h">
      <Filter>Header Files</Filter>
    </ClInclude>
    <ClInclude Include="QSFMLCanvas.h">
      <Filter>Header Files</Filter>
    </ClInclude>
    <ClInclude Include="ShortTime.h">
      <Filter>Header Files</Filter>
    </ClInclude>
    <ClInclude Include="TableDrawing.h">
      <Filter>Header Files</Filter>
    </ClInclude>
    <ClInclude Include="TableGen.h">
      <Filter>Header Files</Filter>
    </ClInclude>
    <ClInclude Include="Group.h">
      <Filter>Header Files</Filter>
    </ClInclude>
    <ClInclude Include="AvailabilityTable.h">
      <Filter>Header Files</Filter>
    </ClInclude>
    <ClInclude Include="Teacher.h">
      <Filter>Header Files</Filter>
    </ClInclude>
    <ClInclude Include="Subject.h">
      <Filter>Header Files</Filter>
    </ClInclude>
    <ClInclude Include="MyCanvas.h">
      <Filter>Header Files</Filter>
    </ClInclude>
  </ItemGroup>
  <ItemGroup>
    <Font Include="Roboto-Regular.ttf" />
  </ItemGroup>
  <ItemGroup>
    <Text Include="input.txt" />
  </ItemGroup>
</Project>